
Microsoft Visual Studio Solution File, Format Version 12.00
# Visual Studio Version 17
VisualStudioVersion = 17.4.33213.308
MinimumVisualStudioVersion = 10.0.40219.1
Project("{FAE04EC0-301F-11D3-BF4B-00C04F79EFBC}") = "1projekt", "1projekt\1projekt.csproj", "{B675216A-D458-4382-BF05-5F6899DD3AC4}"
EndProject
Global
	GlobalSection(SolutionConfigurationPlatforms) = preSolution
		Debug|Any CPU = Debug|Any CPU
		Release|Any CPU = Release|Any CPU
	EndGlobalSection
	GlobalSection(ProjectConfigurationPlatforms) = postSolution
		{B675216A-D458-4382-BF05-5F6899DD3AC4}.Debug|Any CPU.ActiveCfg = Debug|Any CPU
		{B675216A-D458-4382-BF05-5F6899DD3AC4}.Debug|Any CPU.Build.0 = Debug|Any CPU
		{B675216A-D458-4382-BF05-5F6899DD3AC4}.Release|Any CPU.ActiveCfg = Release|Any CPU
		{B675216A-D458-4382-BF05-5F6899DD3AC4}.Release|Any CPU.Build.0 = Release|Any CPU
	EndGlobalSection
	GlobalSection(SolutionProperties) = preSolution
		HideSolutionNode = FALSE
	EndGlobalSection
	GlobalSection(ExtensibilityGlobals) = postSolution
		SolutionGuid = {D160153B-EC1F-4176-8400-7A0FF35C3668}
	EndGlobalSection
EndGlobal
